// !$*UTF8*$!
{
	archiveVersion = 1;
	classes = {
	};
	objectVersion = 56;
	objects = {

/* Begin PBXBuildFile section */
		FC528F0228ABF57A00EAE26D /* HoroscopeAppApp.swift in Sources */ = {isa = PBXBuildFile; fileRef = FC528F0128ABF57A00EAE26D /* HoroscopeAppApp.swift */; };
		FC528F0428ABF57A00EAE26D /* ContentView.swift in Sources */ = {isa = PBXBuildFile; fileRef = FC528F0328ABF57A00EAE26D /* ContentView.swift */; };
		FC528F0628ABF57B00EAE26D /* Assets.xcassets in Resources */ = {isa = PBXBuildFile; fileRef = FC528F0528ABF57B00EAE26D /* Assets.xcassets */; };
		FC528F0928ABF57B00EAE26D /* Preview Assets.xcassets in Resources */ = {isa = PBXBuildFile; fileRef = FC528F0828ABF57B00EAE26D /* Preview Assets.xcassets */; };
		FC528F1D28ABF5F000EAE26D /* LocalService.swift in Sources */ = {isa = PBXBuildFile; fileRef = FC528F1A28ABF5F000EAE26D /* LocalService.swift */; };
		FC528F1E28ABF5F000EAE26D /* Webservice.swift in Sources */ = {isa = PBXBuildFile; fileRef = FC528F1B28ABF5F000EAE26D /* Webservice.swift */; };
		FC528F1F28ABF5F000EAE26D /* NetworkService.swift in Sources */ = {isa = PBXBuildFile; fileRef = FC528F1C28ABF5F000EAE26D /* NetworkService.swift */; };
		FC528F2128ABF60000EAE26D /* Constants.swift in Sources */ = {isa = PBXBuildFile; fileRef = FC528F2028ABF60000EAE26D /* Constants.swift */; };
		FC528F2928ABF60800EAE26D /* CarouselUIModel.swift in Sources */ = {isa = PBXBuildFile; fileRef = FC528F2228ABF60700EAE26D /* CarouselUIModel.swift */; };
		FC528F2A28ABF60800EAE26D /* TextRowUIModel.swift in Sources */ = {isa = PBXBuildFile; fileRef = FC528F2328ABF60700EAE26D /* TextRowUIModel.swift */; };
		FC528F2B28ABF60800EAE26D /* FeaturedImageUIModel.swift in Sources */ = {isa = PBXBuildFile; fileRef = FC528F2428ABF60700EAE26D /* FeaturedImageUIModel.swift */; };
		FC528F2C28ABF60800EAE26D /* ScreenModel.swift in Sources */ = {isa = PBXBuildFile; fileRef = FC528F2528ABF60700EAE26D /* ScreenModel.swift */; };
		FC528F2D28ABF60800EAE26D /* ListUIModel.swift in Sources */ = {isa = PBXBuildFile; fileRef = FC528F2628ABF60800EAE26D /* ListUIModel.swift */; };
		FC528F2E28ABF60800EAE26D /* RatingRowUIModel.swift in Sources */ = {isa = PBXBuildFile; fileRef = FC528F2728ABF60800EAE26D /* RatingRowUIModel.swift */; };
		FC528F2F28ABF60800EAE26D /* JSON.swift in Sources */ = {isa = PBXBuildFile; fileRef = FC528F2828ABF60800EAE26D /* JSON.swift */; };
		FC528F3828ABF60E00EAE26D /* RowComponent.swift in Sources */ = {isa = PBXBuildFile; fileRef = FC528F3028ABF60E00EAE26D /* RowComponent.swift */; };
		FC528F3928ABF60E00EAE26D /* UIComponent.swift in Sources */ = {isa = PBXBuildFile; fileRef = FC528F3128ABF60E00EAE26D /* UIComponent.swift */; };
		FC528F3A28ABF60E00EAE26D /* CarouselComponent.swift in Sources */ = {isa = PBXBuildFile; fileRef = FC528F3228ABF60E00EAE26D /* CarouselComponent.swift */; };
		FC528F3B28ABF60E00EAE26D /* TextRowComponent.swift in Sources */ = {isa = PBXBuildFile; fileRef = FC528F3328ABF60E00EAE26D /* TextRowComponent.swift */; };
		FC528F3C28ABF60E00EAE26D /* EmptyComponent.swift in Sources */ = {isa = PBXBuildFile; fileRef = FC528F3428ABF60E00EAE26D /* EmptyComponent.swift */; };
		FC528F3D28ABF60E00EAE26D /* ListComponent.swift in Sources */ = {isa = PBXBuildFile; fileRef = FC528F3528ABF60E00EAE26D /* ListComponent.swift */; };
		FC528F3E28ABF60E00EAE26D /* FeaturedImageComponent.swift in Sources */ = {isa = PBXBuildFile; fileRef = FC528F3628ABF60E00EAE26D /* FeaturedImageComponent.swift */; };
		FC528F3F28ABF60E00EAE26D /* RatingRowComponent.swift in Sources */ = {isa = PBXBuildFile; fileRef = FC528F3728ABF60E00EAE26D /* RatingRowComponent.swift */; };
		FC528F4228ABF61300EAE26D /* Dictionary+Extensions.swift in Sources */ = {isa = PBXBuildFile; fileRef = FC528F4028ABF61300EAE26D /* Dictionary+Extensions.swift */; };
		FC528F4328ABF61300EAE26D /* View+Extensions.swift in Sources */ = {isa = PBXBuildFile; fileRef = FC528F4128ABF61300EAE26D /* View+Extensions.swift */; };
		FC528F4628ABF61900EAE26D /* HoroscopeDetailViewModel.swift in Sources */ = {isa = PBXBuildFile; fileRef = FC528F4428ABF61900EAE26D /* HoroscopeDetailViewModel.swift */; };
		FC528F4728ABF61900EAE26D /* HoroscopeListViewModel.swift in Sources */ = {isa = PBXBuildFile; fileRef = FC528F4528ABF61900EAE26D /* HoroscopeListViewModel.swift */; };
		FC528F4A28ABF61F00EAE26D /* RatingView.swift in Sources */ = {isa = PBXBuildFile; fileRef = FC528F4828ABF61F00EAE26D /* RatingView.swift */; };
		FC528F4B28ABF61F00EAE26D /* CarouselView.swift in Sources */ = {isa = PBXBuildFile; fileRef = FC528F4928ABF61F00EAE26D /* CarouselView.swift */; };
		FC528F4D28ABF62800EAE26D /* Action.swift in Sources */ = {isa = PBXBuildFile; fileRef = FC528F4C28ABF62800EAE26D /* Action.swift */; };
		FC528F5028ABF65400EAE26D /* Navigator.swift in Sources */ = {isa = PBXBuildFile; fileRef = FC528F4E28ABF65300EAE26D /* Navigator.swift */; };
		FC528F5128ABF65400EAE26D /* Route.swift in Sources */ = {isa = PBXBuildFile; fileRef = FC528F4F28ABF65400EAE26D /* Route.swift */; };
		FC528F5328ABF65B00EAE26D /* HoroscopeDetailScreen.swift in Sources */ = {isa = PBXBuildFile; fileRef = FC528F5228ABF65B00EAE26D /* HoroscopeDetailScreen.swift */; };
		FC528F5528ABF73900EAE26D /* horoscope-listing.json in Resources */ = {isa = PBXBuildFile; fileRef = FC528F5428ABF73900EAE26D /* horoscope-listing.json */; };
/* End PBXBuildFile section */

/* Begin PBXFileReference section */
		FC528EFE28ABF57A00EAE26D /* HoroscopeApp.app */ = {isa = PBXFileReference; explicitFileType = wrapper.application; includeInIndex = 0; path = HoroscopeApp.app; sourceTree = BUILT_PRODUCTS_DIR; };
		FC528F0128ABF57A00EAE26D /* HoroscopeAppApp.swift */ = {isa = PBXFileReference; lastKnownFileType = sourcecode.swift; path = HoroscopeAppApp.swift; sourceTree = "<group>"; };
		FC528F0328ABF57A00EAE26D /* ContentView.swift */ = {isa = PBXFileReference; lastKnownFileType = sourcecode.swift; path = ContentView.swift; sourceTree = "<group>"; };
		FC528F0528ABF57B00EAE26D /* Assets.xcassets */ = {isa = PBXFileReference; lastKnownFileType = folder.assetcatalog; path = Assets.xcassets; sourceTree = "<group>"; };
		FC528F0828ABF57B00EAE26D /* Preview Assets.xcassets */ = {isa = PBXFileReference; lastKnownFileType = folder.assetcatalog; path = "Preview Assets.xcassets"; sourceTree = "<group>"; };
		FC528F1A28ABF5F000EAE26D /* LocalService.swift */ = {isa = PBXFileReference; fileEncoding = 4; lastKnownFileType = sourcecode.swift; path = LocalService.swift; sourceTree = "<group>"; };
		FC528F1B28ABF5F000EAE26D /* Webservice.swift */ = {isa = PBXFileReference; fileEncoding = 4; lastKnownFileType = sourcecode.swift; path = Webservice.swift; sourceTree = "<group>"; };
		FC528F1C28ABF5F000EAE26D /* NetworkService.swift */ = {isa = PBXFileReference; fileEncoding = 4; lastKnownFileType = sourcecode.swift; path = NetworkService.swift; sourceTree = "<group>"; };
		FC528F2028ABF60000EAE26D /* Constants.swift */ = {isa = PBXFileReference; fileEncoding = 4; lastKnownFileType = sourcecode.swift; path = Constants.swift; sourceTree = "<group>"; };
		FC528F2228ABF60700EAE26D /* CarouselUIModel.swift */ = {isa = PBXFileReference; fileEncoding = 4; lastKnownFileType = sourcecode.swift; path = CarouselUIModel.swift; sourceTree = "<group>"; };
		FC528F2328ABF60700EAE26D /* TextRowUIModel.swift */ = {isa = PBXFileReference; fileEncoding = 4; lastKnownFileType = sourcecode.swift; path = TextRowUIModel.swift; sourceTree = "<group>"; };
		FC528F2428ABF60700EAE26D /* FeaturedImageUIModel.swift */ = {isa = PBXFileReference; fileEncoding = 4; lastKnownFileType = sourcecode.swift; path = FeaturedImageUIModel.swift; sourceTree = "<group>"; };
		FC528F2528ABF60700EAE26D /* ScreenModel.swift */ = {isa = PBXFileReference; fileEncoding = 4; lastKnownFileType = sourcecode.swift; path = ScreenModel.swift; sourceTree = "<group>"; };
		FC528F2628ABF60800EAE26D /* ListUIModel.swift */ = {isa = PBXFileReference; fileEncoding = 4; lastKnownFileType = sourcecode.swift; path = ListUIModel.swift; sourceTree = "<group>"; };
		FC528F2728ABF60800EAE26D /* RatingRowUIModel.swift */ = {isa = PBXFileReference; fileEncoding = 4; lastKnownFileType = sourcecode.swift; path = RatingRowUIModel.swift; sourceTree = "<group>"; };
		FC528F2828ABF60800EAE26D /* JSON.swift */ = {isa = PBXFileReference; fileEncoding = 4; lastKnownFileType = sourcecode.swift; path = JSON.swift; sourceTree = "<group>"; };
		FC528F3028ABF60E00EAE26D /* RowComponent.swift */ = {isa = PBXFileReference; fileEncoding = 4; lastKnownFileType = sourcecode.swift; path = RowComponent.swift; sourceTree = "<group>"; };
		FC528F3128ABF60E00EAE26D /* UIComponent.swift */ = {isa = PBXFileReference; fileEncoding = 4; lastKnownFileType = sourcecode.swift; path = UIComponent.swift; sourceTree = "<group>"; };
		FC528F3228ABF60E00EAE26D /* CarouselComponent.swift */ = {isa = PBXFileReference; fileEncoding = 4; lastKnownFileType = sourcecode.swift; path = CarouselComponent.swift; sourceTree = "<group>"; };
		FC528F3328ABF60E00EAE26D /* TextRowComponent.swift */ = {isa = PBXFileReference; fileEncoding = 4; lastKnownFileType = sourcecode.swift; path = TextRowComponent.swift; sourceTree = "<group>"; };
		FC528F3428ABF60E00EAE26D /* EmptyComponent.swift */ = {isa = PBXFileReference; fileEncoding = 4; lastKnownFileType = sourcecode.swift; path = EmptyComponent.swift; sourceTree = "<group>"; };
		FC528F3528ABF60E00EAE26D /* ListComponent.swift */ = {isa = PBXFileReference; fileEncoding = 4; lastKnownFileType = sourcecode.swift; path = ListComponent.swift; sourceTree = "<group>"; };
		FC528F3628ABF60E00EAE26D /* FeaturedImageComponent.swift */ = {isa = PBXFileReference; fileEncoding = 4; lastKnownFileType = sourcecode.swift; path = FeaturedImageComponent.swift; sourceTree = "<group>"; };
		FC528F3728ABF60E00EAE26D /* RatingRowComponent.swift */ = {isa = PBXFileReference; fileEncoding = 4; lastKnownFileType = sourcecode.swift; path = RatingRowComponent.swift; sourceTree = "<group>"; };
		FC528F4028ABF61300EAE26D /* Dictionary+Extensions.swift */ = {isa = PBXFileReference; fileEncoding = 4; lastKnownFileType = sourcecode.swift; path = "Dictionary+Extensions.swift"; sourceTree = "<group>"; };
		FC528F4128ABF61300EAE26D /* View+Extensions.swift */ = {isa = PBXFileReference; fileEncoding = 4; lastKnownFileType = sourcecode.swift; path = "View+Extensions.swift"; sourceTree = "<group>"; };
		FC528F4428ABF61900EAE26D /* HoroscopeDetailViewModel.swift */ = {isa = PBXFileReference; fileEncoding = 4; lastKnownFileType = sourcecode.swift; path = HoroscopeDetailViewModel.swift; sourceTree = "<group>"; };
		FC528F4528ABF61900EAE26D /* HoroscopeListViewModel.swift */ = {isa = PBXFileReference; fileEncoding = 4; lastKnownFileType = sourcecode.swift; path = HoroscopeListViewModel.swift; sourceTree = "<group>"; };
		FC528F4828ABF61F00EAE26D /* RatingView.swift */ = {isa = PBXFileReference; fileEncoding = 4; lastKnownFileType = sourcecode.swift; path = RatingView.swift; sourceTree = "<group>"; };
		FC528F4928ABF61F00EAE26D /* CarouselView.swift */ = {isa = PBXFileReference; fileEncoding = 4; lastKnownFileType = sourcecode.swift; path = CarouselView.swift; sourceTree = "<group>"; };
		FC528F4C28ABF62800EAE26D /* Action.swift */ = {isa = PBXFileReference; fileEncoding = 4; lastKnownFileType = sourcecode.swift; path = Action.swift; sourceTree = "<group>"; };
		FC528F4E28ABF65300EAE26D /* Navigator.swift */ = {isa = PBXFileReference; fileEncoding = 4; lastKnownFileType = sourcecode.swift; path = Navigator.swift; sourceTree = "<group>"; };
		FC528F4F28ABF65400EAE26D /* Route.swift */ = {isa = PBXFileReference; fileEncoding = 4; lastKnownFileType = sourcecode.swift; path = Route.swift; sourceTree = "<group>"; };
		FC528F5228ABF65B00EAE26D /* HoroscopeDetailScreen.swift */ = {isa = PBXFileReference; fileEncoding = 4; lastKnownFileType = sourcecode.swift; path = HoroscopeDetailScreen.swift; sourceTree = "<group>"; };
		FC528F5428ABF73900EAE26D /* horoscope-listing.json */ = {isa = PBXFileReference; fileEncoding = 4; lastKnownFileType = text.json; path = "horoscope-listing.json"; sourceTree = "<group>"; };
/* End PBXFileReference section */

/* Begin PBXFrameworksBuildPhase section */
		FC528EFB28ABF57A00EAE26D /* Frameworks */ = {
			isa = PBXFrameworksBuildPhase;
			buildActionMask = 2147483647;
			files = (
			);
			runOnlyForDeploymentPostprocessing = 0;
		};
/* End PBXFrameworksBuildPhase section */

/* Begin PBXGroup section */
		FC528EF528ABF57A00EAE26D = {
			isa = PBXGroup;
			children = (
				FC528F0028ABF57A00EAE26D /* HoroscopeApp */,
				FC528EFF28ABF57A00EAE26D /* Products */,
			);
			sourceTree = "<group>";
		};
		FC528EFF28ABF57A00EAE26D /* Products */ = {
			isa = PBXGroup;
			children = (
				FC528EFE28ABF57A00EAE26D /* HoroscopeApp.app */,
			);
			name = Products;
			sourceTree = "<group>";
		};
		FC528F0028ABF57A00EAE26D /* HoroscopeApp */ = {
			isa = PBXGroup;
			children = (
				FC528F1928ABF5CA00EAE26D /* Services */,
				FC528F1828ABF5C600EAE26D /* Utils */,
				FC528F1728ABF5C100EAE26D /* UIModels */,
				FC528F1528ABF5AD00EAE26D /* Components */,
				FC528F1428ABF5A600EAE26D /* Extensions */,
				FC528F1328ABF5A000EAE26D /* ViewModels */,
				FC528F1228ABF59B00EAE26D /* Views */,
				FC528F1128ABF59700EAE26D /* Actions */,
				FC528F1028ABF59100EAE26D /* Navigator */,
				FC528F0F28ABF58900EAE26D /* Screens */,
				FC528F0128ABF57A00EAE26D /* HoroscopeAppApp.swift */,
				FC528F0528ABF57B00EAE26D /* Assets.xcassets */,
				FC528F0728ABF57B00EAE26D /* Preview Content */,
				FC528F5428ABF73900EAE26D /* horoscope-listing.json */,
			);
			path = HoroscopeApp;
			sourceTree = "<group>";
		};
		FC528F0728ABF57B00EAE26D /* Preview Content */ = {
			isa = PBXGroup;
			children = (
				FC528F0828ABF57B00EAE26D /* Preview Assets.xcassets */,
			);
			path = "Preview Content";
			sourceTree = "<group>";
		};
		FC528F0F28ABF58900EAE26D /* Screens */ = {
			isa = PBXGroup;
			children = (
				FC528F5228ABF65B00EAE26D /* HoroscopeDetailScreen.swift */,
				FC528F0328ABF57A00EAE26D /* ContentView.swift */,
			);
			path = Screens;
			sourceTree = "<group>";
		};
		FC528F1028ABF59100EAE26D /* Navigator */ = {
			isa = PBXGroup;
			children = (
				FC528F4E28ABF65300EAE26D /* Navigator.swift */,
				FC528F4F28ABF65400EAE26D /* Route.swift */,
			);
			path = Navigator;
			sourceTree = "<group>";
		};
		FC528F1128ABF59700EAE26D /* Actions */ = {
			isa = PBXGroup;
			children = (
				FC528F4C28ABF62800EAE26D /* Action.swift */,
			);
			path = Actions;
			sourceTree = "<group>";
		};
		FC528F1228ABF59B00EAE26D /* Views */ = {
			isa = PBXGroup;
			children = (
				FC528F4928ABF61F00EAE26D /* CarouselView.swift */,
				FC528F4828ABF61F00EAE26D /* RatingView.swift */,
			);
			path = Views;
			sourceTree = "<group>";
		};
		FC528F1328ABF5A000EAE26D /* ViewModels */ = {
			isa = PBXGroup;
			children = (
				FC528F4428ABF61900EAE26D /* HoroscopeDetailViewModel.swift */,
				FC528F4528ABF61900EAE26D /* HoroscopeListViewModel.swift */,
			);
			path = ViewModels;
			sourceTree = "<group>";
		};
		FC528F1428ABF5A600EAE26D /* Extensions */ = {
			isa = PBXGroup;
			children = (
				FC528F4028ABF61300EAE26D /* Dictionary+Extensions.swift */,
				FC528F4128ABF61300EAE26D /* View+Extensions.swift */,
			);
			path = Extensions;
			sourceTree = "<group>";
		};
		FC528F1528ABF5AD00EAE26D /* Components */ = {
			isa = PBXGroup;
			children = (
				FC528F3228ABF60E00EAE26D /* CarouselComponent.swift */,
				FC528F3428ABF60E00EAE26D /* EmptyComponent.swift */,
				FC528F3628ABF60E00EAE26D /* FeaturedImageComponent.swift */,
				FC528F3528ABF60E00EAE26D /* ListComponent.swift */,
				FC528F3728ABF60E00EAE26D /* RatingRowComponent.swift */,
				FC528F3028ABF60E00EAE26D /* RowComponent.swift */,
				FC528F3328ABF60E00EAE26D /* TextRowComponent.swift */,
				FC528F3128ABF60E00EAE26D /* UIComponent.swift */,
			);
			path = Components;
			sourceTree = "<group>";
		};
		FC528F1728ABF5C100EAE26D /* UIModels */ = {
			isa = PBXGroup;
			children = (
				FC528F2228ABF60700EAE26D /* CarouselUIModel.swift */,
				FC528F2428ABF60700EAE26D /* FeaturedImageUIModel.swift */,
				FC528F2828ABF60800EAE26D /* JSON.swift */,
				FC528F2628ABF60800EAE26D /* ListUIModel.swift */,
				FC528F2728ABF60800EAE26D /* RatingRowUIModel.swift */,
				FC528F2528ABF60700EAE26D /* ScreenModel.swift */,
				FC528F2328ABF60700EAE26D /* TextRowUIModel.swift */,
			);
			path = UIModels;
			sourceTree = "<group>";
		};
		FC528F1828ABF5C600EAE26D /* Utils */ = {
			isa = PBXGroup;
			children = (
				FC528F2028ABF60000EAE26D /* Constants.swift */,
			);
			path = Utils;
			sourceTree = "<group>";
		};
		FC528F1928ABF5CA00EAE26D /* Services */ = {
			isa = PBXGroup;
			children = (
				FC528F1A28ABF5F000EAE26D /* LocalService.swift */,
				FC528F1C28ABF5F000EAE26D /* NetworkService.swift */,
				FC528F1B28ABF5F000EAE26D /* Webservice.swift */,
			);
			path = Services;
			sourceTree = "<group>";
		};
/* End PBXGroup section */

/* Begin PBXNativeTarget section */
		FC528EFD28ABF57A00EAE26D /* HoroscopeApp */ = {
			isa = PBXNativeTarget;
			buildConfigurationList = FC528F0C28ABF57B00EAE26D /* Build configuration list for PBXNativeTarget "HoroscopeApp" */;
			buildPhases = (
				FC528EFA28ABF57A00EAE26D /* Sources */,
				FC528EFB28ABF57A00EAE26D /* Frameworks */,
				FC528EFC28ABF57A00EAE26D /* Resources */,
			);
			buildRules = (
			);
			dependencies = (
			);
			name = HoroscopeApp;
			productName = HoroscopeApp;
			productReference = FC528EFE28ABF57A00EAE26D /* HoroscopeApp.app */;
			productType = "com.apple.product-type.application";
		};
/* End PBXNativeTarget section */

/* Begin PBXProject section */
		FC528EF628ABF57A00EAE26D /* Project object */ = {
			isa = PBXProject;
			attributes = {
				BuildIndependentTargetsInParallel = 1;
				LastSwiftUpdateCheck = 1400;
				LastUpgradeCheck = 1400;
				TargetAttributes = {
					FC528EFD28ABF57A00EAE26D = {
						CreatedOnToolsVersion = 14.0;
					};
				};
			};
			buildConfigurationList = FC528EF928ABF57A00EAE26D /* Build configuration list for PBXProject "HoroscopeApp" */;
			compatibilityVersion = "Xcode 14.0";
			developmentRegion = en;
			hasScannedForEncodings = 0;
			knownRegions = (
				en,
				Base,
			);
			mainGroup = FC528EF528ABF57A00EAE26D;
			productRefGroup = FC528EFF28ABF57A00EAE26D /* Products */;
			projectDirPath = "";
			projectRoot = "";
			targets = (
				FC528EFD28ABF57A00EAE26D /* HoroscopeApp */,
			);
		};
/* End PBXProject section */

/* Begin PBXResourcesBuildPhase section */
		FC528EFC28ABF57A00EAE26D /* Resources */ = {
			isa = PBXResourcesBuildPhase;
			buildActionMask = 2147483647;
			files = (
				FC528F5528ABF73900EAE26D /* horoscope-listing.json in Resources */,
				FC528F0928ABF57B00EAE26D /* Preview Assets.xcassets in Resources */,
				FC528F0628ABF57B00EAE26D /* Assets.xcassets in Resources */,
			);
			runOnlyForDeploymentPostprocessing = 0;
		};
/* End PBXResourcesBuildPhase section */

/* Begin PBXSourcesBuildPhase section */
		FC528EFA28ABF57A00EAE26D /* Sources */ = {
			isa = PBXSourcesBuildPhase;
			buildActionMask = 2147483647;
			files = (
				FC528F1F28ABF5F000EAE26D /* NetworkService.swift in Sources */,
				FC528F2F28ABF60800EAE26D /* JSON.swift in Sources */,
				FC528F2C28ABF60800EAE26D /* ScreenModel.swift in Sources */,
				FC528F5128ABF65400EAE26D /* Route.swift in Sources */,
				FC528F3A28ABF60E00EAE26D /* CarouselComponent.swift in Sources */,
				FC528F0428ABF57A00EAE26D /* ContentView.swift in Sources */,
				FC528F3928ABF60E00EAE26D /* UIComponent.swift in Sources */,
				FC528F3D28ABF60E00EAE26D /* ListComponent.swift in Sources */,
				FC528F4A28ABF61F00EAE26D /* RatingView.swift in Sources */,
				FC528F0228ABF57A00EAE26D /* HoroscopeAppApp.swift in Sources */,
				FC528F4328ABF61300EAE26D /* View+Extensions.swift in Sources */,
				FC528F2A28ABF60800EAE26D /* TextRowUIModel.swift in Sources */,
				FC528F4728ABF61900EAE26D /* HoroscopeListViewModel.swift in Sources */,
				FC528F3828ABF60E00EAE26D /* RowComponent.swift in Sources */,
				FC528F5328ABF65B00EAE26D /* HoroscopeDetailScreen.swift in Sources */,
				FC528F4B28ABF61F00EAE26D /* CarouselView.swift in Sources */,
				FC528F3C28ABF60E00EAE26D /* EmptyComponent.swift in Sources */,
				FC528F3F28ABF60E00EAE26D /* RatingRowComponent.swift in Sources */,
				FC528F2E28ABF60800EAE26D /* RatingRowUIModel.swift in Sources */,
				FC528F1E28ABF5F000EAE26D /* Webservice.swift in Sources */,
				FC528F3E28ABF60E00EAE26D /* FeaturedImageComponent.swift in Sources */,
				FC528F1D28ABF5F000EAE26D /* LocalService.swift in Sources */,
				FC528F2B28ABF60800EAE26D /* FeaturedImageUIModel.swift in Sources */,
				FC528F4628ABF61900EAE26D /* HoroscopeDetailViewModel.swift in Sources */,
				FC528F2928ABF60800EAE26D /* CarouselUIModel.swift in Sources */,
				FC528F2128ABF60000EAE26D /* Constants.swift in Sources */,
				FC528F5028ABF65400EAE26D /* Navigator.swift in Sources */,
				FC528F2D28ABF60800EAE26D /* ListUIModel.swift in Sources */,
				FC528F4D28ABF62800EAE26D /* Action.swift in Sources */,
				FC528F3B28ABF60E00EAE26D /* TextRowComponent.swift in Sources */,
				FC528F4228ABF61300EAE26D /* Dictionary+Extensions.swift in Sources */,
			);
			runOnlyForDeploymentPostprocessing = 0;
		};
/* End PBXSourcesBuildPhase section */

/* Begin XCBuildConfiguration section */
		FC528F0A28ABF57B00EAE26D /* Debug */ = {
			isa = XCBuildConfiguration;
			buildSettings = {
				ALWAYS_SEARCH_USER_PATHS = NO;
				CLANG_ANALYZER_NONNULL = YES;
				CLANG_ANALYZER_NUMBER_OBJECT_CONVERSION = YES_AGGRESSIVE;
				CLANG_CXX_LANGUAGE_STANDARD = "gnu++20";
				CLANG_ENABLE_MODULES = YES;
				CLANG_ENABLE_OBJC_ARC = YES;
				CLANG_ENABLE_OBJC_WEAK = YES;
				CLANG_WARN_BLOCK_CAPTURE_AUTORELEASING = YES;
				CLANG_WARN_BOOL_CONVERSION = YES;
				CLANG_WARN_COMMA = YES;
				CLANG_WARN_CONSTANT_CONVERSION = YES;
				CLANG_WARN_DEPRECATED_OBJC_IMPLEMENTATIONS = YES;
				CLANG_WARN_DIRECT_OBJC_ISA_USAGE = YES_ERROR;
				CLANG_WARN_DOCUMENTATION_COMMENTS = YES;
				CLANG_WARN_EMPTY_BODY = YES;
				CLANG_WARN_ENUM_CONVERSION = YES;
				CLANG_WARN_INFINITE_RECURSION = YES;
				CLANG_WARN_INT_CONVERSION = YES;
				CLANG_WARN_NON_LITERAL_NULL_CONVERSION = YES;
				CLANG_WARN_OBJC_IMPLICIT_RETAIN_SELF = YES;
				CLANG_WARN_OBJC_LITERAL_CONVERSION = YES;
				CLANG_WARN_OBJC_ROOT_CLASS = YES_ERROR;
				CLANG_WARN_QUOTED_INCLUDE_IN_FRAMEWORK_HEADER = YES;
				CLANG_WARN_RANGE_LOOP_ANALYSIS = YES;
				CLANG_WARN_STRICT_PROTOTYPES = YES;
				CLANG_WARN_SUSPICIOUS_MOVE = YES;
				CLANG_WARN_UNGUARDED_AVAILABILITY = YES_AGGRESSIVE;
				CLANG_WARN_UNREACHABLE_CODE = YES;
				CLANG_WARN__DUPLICATE_METHOD_MATCH = YES;
				COPY_PHASE_STRIP = NO;
				DEBUG_INFORMATION_FORMAT = dwarf;
				ENABLE_STRICT_OBJC_MSGSEND = YES;
				ENABLE_TESTABILITY = YES;
				GCC_C_LANGUAGE_STANDARD = gnu11;
				GCC_DYNAMIC_NO_PIC = NO;
				GCC_NO_COMMON_BLOCKS = YES;
				GCC_OPTIMIZATION_LEVEL = 0;
				GCC_PREPROCESSOR_DEFINITIONS = (
					"DEBUG=1",
					"$(inherited)",
				);
				GCC_WARN_64_TO_32_BIT_CONVERSION = YES;
				GCC_WARN_ABOUT_RETURN_TYPE = YES_ERROR;
				GCC_WARN_UNDECLARED_SELECTOR = YES;
				GCC_WARN_UNINITIALIZED_AUTOS = YES_AGGRESSIVE;
				GCC_WARN_UNUSED_FUNCTION = YES;
				GCC_WARN_UNUSED_VARIABLE = YES;
				IPHONEOS_DEPLOYMENT_TARGET = 16.0;
				MTL_ENABLE_DEBUG_INFO = INCLUDE_SOURCE;
				MTL_FAST_MATH = YES;
				ONLY_ACTIVE_ARCH = YES;
				SDKROOT = iphoneos;
				SWIFT_ACTIVE_COMPILATION_CONDITIONS = DEBUG;
				SWIFT_OPTIMIZATION_LEVEL = "-Onone";
			};
			name = Debug;
		};
		FC528F0B28ABF57B00EAE26D /* Release */ = {
			isa = XCBuildConfiguration;
			buildSettings = {
				ALWAYS_SEARCH_USER_PATHS = NO;
				CLANG_ANALYZER_NONNULL = YES;
				CLANG_ANALYZER_NUMBER_OBJECT_CONVERSION = YES_AGGRESSIVE;
				CLANG_CXX_LANGUAGE_STANDARD = "gnu++20";
				CLANG_ENABLE_MODULES = YES;
				CLANG_ENABLE_OBJC_ARC = YES;
				CLANG_ENABLE_OBJC_WEAK = YES;
				CLANG_WARN_BLOCK_CAPTURE_AUTORELEASING = YES;
				CLANG_WARN_BOOL_CONVERSION = YES;
				CLANG_WARN_COMMA = YES;
				CLANG_WARN_CONSTANT_CONVERSION = YES;
				CLANG_WARN_DEPRECATED_OBJC_IMPLEMENTATIONS = YES;
				CLANG_WARN_DIRECT_OBJC_ISA_USAGE = YES_ERROR;
				CLANG_WARN_DOCUMENTATION_COMMENTS = YES;
				CLANG_WARN_EMPTY_BODY = YES;
				CLANG_WARN_ENUM_CONVERSION = YES;
				CLANG_WARN_INFINITE_RECURSION = YES;
				CLANG_WARN_INT_CONVERSION = YES;
				CLANG_WARN_NON_LITERAL_NULL_CONVERSION = YES;
				CLANG_WARN_OBJC_IMPLICIT_RETAIN_SELF = YES;
				CLANG_WARN_OBJC_LITERAL_CONVERSION = YES;
				CLANG_WARN_OBJC_ROOT_CLASS = YES_ERROR;
				CLANG_WARN_QUOTED_INCLUDE_IN_FRAMEWORK_HEADER = YES;
				CLANG_WARN_RANGE_LOOP_ANALYSIS = YES;
				CLANG_WARN_STRICT_PROTOTYPES = YES;
				CLANG_WARN_SUSPICIOUS_MOVE = YES;
				CLANG_WARN_UNGUARDED_AVAILABILITY = YES_AGGRESSIVE;
				CLANG_WARN_UNREACHABLE_CODE = YES;
				CLANG_WARN__DUPLICATE_METHOD_MATCH = YES;
				COPY_PHASE_STRIP = NO;
				DEBUG_INFORMATION_FORMAT = "dwarf-with-dsym";
				ENABLE_NS_ASSERTIONS = NO;
				ENABLE_STRICT_OBJC_MSGSEND = YES;
				GCC_C_LANGUAGE_STANDARD = gnu11;
				GCC_NO_COMMON_BLOCKS = YES;
				GCC_WARN_64_TO_32_BIT_CONVERSION = YES;
				GCC_WARN_ABOUT_RETURN_TYPE = YES_ERROR;
				GCC_WARN_UNDECLARED_SELECTOR = YES;
				GCC_WARN_UNINITIALIZED_AUTOS = YES_AGGRESSIVE;
				GCC_WARN_UNUSED_FUNCTION = YES;
				GCC_WARN_UNUSED_VARIABLE = YES;
				IPHONEOS_DEPLOYMENT_TARGET = 16.0;
				MTL_ENABLE_DEBUG_INFO = NO;
				MTL_FAST_MATH = YES;
				SDKROOT = iphoneos;
				SWIFT_COMPILATION_MODE = wholemodule;
				SWIFT_OPTIMIZATION_LEVEL = "-O";
				VALIDATE_PRODUCT = YES;
			};
			name = Release;
		};
		FC528F0D28ABF57B00EAE26D /* Debug */ = {
			isa = XCBuildConfiguration;
			buildSettings = {
				ASSETCATALOG_COMPILER_APPICON_NAME = AppIcon;
				ASSETCATALOG_COMPILER_GLOBAL_ACCENT_COLOR_NAME = AccentColor;
				CODE_SIGN_STYLE = Automatic;
				CURRENT_PROJECT_VERSION = 1;
				DEVELOPMENT_ASSET_PATHS = "\"HoroscopeApp/Preview Content\"";
				DEVELOPMENT_TEAM = 7SH627DBA4;
				ENABLE_PREVIEWS = YES;
				GENERATE_INFOPLIST_FILE = YES;
				INFOPLIST_KEY_UIApplicationSceneManifest_Generation = YES;
				INFOPLIST_KEY_UIApplicationSupportsIndirectInputEvents = YES;
				INFOPLIST_KEY_UILaunchScreen_Generation = YES;
				INFOPLIST_KEY_UISupportedInterfaceOrientations_iPad = "UIInterfaceOrientationPortrait UIInterfaceOrientationPortraitUpsideDown UIInterfaceOrientationLandscapeLeft UIInterfaceOrientationLandscapeRight";
				INFOPLIST_KEY_UISupportedInterfaceOrientations_iPhone = "UIInterfaceOrientationPortrait UIInterfaceOrientationLandscapeLeft UIInterfaceOrientationLandscapeRight";
				LD_RUNPATH_SEARCH_PATHS = (
					"$(inherited)",
					"@executable_path/Frameworks",
				);
				MARKETING_VERSION = 1.0;
				PRODUCT_BUNDLE_IDENTIFIER = com.atilsamancioglu.HoroscopeApp;
				PRODUCT_NAME = "$(TARGET_NAME)";
				SWIFT_EMIT_LOC_STRINGS = YES;
				SWIFT_VERSION = 5.0;
				TARGETED_DEVICE_FAMILY = "1,2";
			};
			name = Debug;
		};
		FC528F0E28ABF57B00EAE26D /* Release */ = {
			isa = XCBuildConfiguration;
			buildSettings = {
				ASSETCATALOG_COMPILER_APPICON_NAME = AppIcon;
				ASSETCATALOG_COMPILER_GLOBAL_ACCENT_COLOR_NAME = AccentColor;
				CODE_SIGN_STYLE = Automatic;
				CURRENT_PROJECT_VERSION = 1;
				DEVELOPMENT_ASSET_PATHS = "\"HoroscopeApp/Preview Content\"";
				DEVELOPMENT_TEAM = 7SH627DBA4;
				ENABLE_PREVIEWS = YES;
				GENERATE_INFOPLIST_FILE = YES;
				INFOPLIST_KEY_UIApplicationSceneManifest_Generation = YES;
				INFOPLIST_KEY_UIApplicationSupportsIndirectInputEvents = YES;
				INFOPLIST_KEY_UILaunchScreen_Generation = YES;
				INFOPLIST_KEY_UISupportedInterfaceOrientations_iPad = "UIInterfaceOrientationPortrait UIInterfaceOrientationPortraitUpsideDown UIInterfaceOrientationLandscapeLeft UIInterfaceOrientationLandscapeRight";
				INFOPLIST_KEY_UISupportedInterfaceOrientations_iPhone = "UIInterfaceOrientationPortrait UIInterfaceOrientationLandscapeLeft UIInterfaceOrientationLandscapeRight";
				LD_RUNPATH_SEARCH_PATHS = (
					"$(inherited)",
					"@executable_path/Frameworks",
				);
				MARKETING_VERSION = 1.0;
				PRODUCT_BUNDLE_IDENTIFIER = com.atilsamancioglu.HoroscopeApp;
				PRODUCT_NAME = "$(TARGET_NAME)";
				SWIFT_EMIT_LOC_STRINGS = YES;
				SWIFT_VERSION = 5.0;
				TARGETED_DEVICE_FAMILY = "1,2";
			};
			name = Release;
		};
/* End XCBuildConfiguration section */

/* Begin XCConfigurationList section */
		FC528EF928ABF57A00EAE26D /* Build configuration list for PBXProject "HoroscopeApp" */ = {
			isa = XCConfigurationList;
			buildConfigurations = (
				FC528F0A28ABF57B00EAE26D /* Debug */,
				FC528F0B28ABF57B00EAE26D /* Release */,
			);
			defaultConfigurationIsVisible = 0;
			defaultConfigurationName = Release;
		};
		FC528F0C28ABF57B00EAE26D /* Build configuration list for PBXNativeTarget "HoroscopeApp" */ = {
			isa = XCConfigurationList;
			buildConfigurations = (
				FC528F0D28ABF57B00EAE26D /* Debug */,
				FC528F0E28ABF57B00EAE26D /* Release */,
			);
			defaultConfigurationIsVisible = 0;
			defaultConfigurationName = Release;
		};
/* End XCConfigurationList section */
	};
	rootObject = FC528EF628ABF57A00EAE26D /* Project object */;
}
